
Microsoft Visual Studio Solution File, Format Version 12.00
# Visual Studio Version 16
VisualStudioVersion = 16.0.29409.12
MinimumVisualStudioVersion = 10.0.40219.1
Project("{FAE04EC0-301F-11D3-BF4B-00C04F79EFBC}") = "SET09102-SoftwareEngineering-CW", "SET09102-SoftwareEngineering-CW\SET09102-SoftwareEngineering-CW.csproj", "{CB0F7055-3131-4927-BAA4-3EB7A9CB4EEF}"
EndProject
Project("{FAE04EC0-301F-11D3-BF4B-00C04F79EFBC}") = "SET09102-SoftwareEngineering-CW.Tests", "SET09102-SoftwareEngineering-CW.Tests\SET09102-SoftwareEngineering-CW.Tests.csproj", "{40D8F09F-2510-4A3C-8FCA-81D49E0F05A2}"
EndProject
Global
	GlobalSection(SolutionConfigurationPlatforms) = preSolution
		Debug|Any CPU = Debug|Any CPU
		Release|Any CPU = Release|Any CPU
	EndGlobalSection
	GlobalSection(ProjectConfigurationPlatforms) = postSolution
		{CB0F7055-3131-4927-BAA4-3EB7A9CB4EEF}.Debug|Any CPU.ActiveCfg = Debug|Any CPU
		{CB0F7055-3131-4927-BAA4-3EB7A9CB4EEF}.Debug|Any CPU.Build.0 = Debug|Any CPU
		{CB0F7055-3131-4927-BAA4-3EB7A9CB4EEF}.Release|Any CPU.ActiveCfg = Release|Any CPU
		{CB0F7055-3131-4927-BAA4-3EB7A9CB4EEF}.Release|Any CPU.Build.0 = Release|Any CPU
		{40D8F09F-2510-4A3C-8FCA-81D49E0F05A2}.Debug|Any CPU.ActiveCfg = Debug|Any CPU
		{40D8F09F-2510-4A3C-8FCA-81D49E0F05A2}.Debug|Any CPU.Build.0 = Debug|Any CPU
		{40D8F09F-2510-4A3C-8FCA-81D49E0F05A2}.Release|Any CPU.ActiveCfg = Release|Any CPU
		{40D8F09F-2510-4A3C-8FCA-81D49E0F05A2}.Release|Any CPU.Build.0 = Release|Any CPU
	EndGlobalSection
	GlobalSection(SolutionProperties) = preSolution
		HideSolutionNode = FALSE
	EndGlobalSection
	GlobalSection(ExtensibilityGlobals) = postSolution
		SolutionGuid = {4038CBA8-F36C-4253-A84E-C39348203BBD}
	EndGlobalSection
EndGlobal
